
Microsoft Visual Studio Solution File, Format Version 12.00
# Visual Studio 14
VisualStudioVersion = 14.0.25420.1
MinimumVisualStudioVersion = 10.0.40219.1
Project("{FAE04EC0-301F-11D3-BF4B-00C04F79EFBC}") = "ChungQuyWatch", "ChungQuyWatch\ChungQuyWatch.csproj", "{F25CDF62-1EC5-4C3B-91A8-F84A2C280CAF}"
EndProject
Project("{FAE04EC0-301F-11D3-BF4B-00C04F79EFBC}") = "KetNoiCSDL", "KetNoiCSDL\KetNoiCSDL.csproj", "{2D69EC24-E37E-4064-81B7-B6925717A8A4}"
EndProject
Global
	GlobalSection(SolutionConfigurationPlatforms) = preSolution
		Debug|Any CPU = Debug|Any CPU
		Release|Any CPU = Release|Any CPU
	EndGlobalSection
	GlobalSection(ProjectConfigurationPlatforms) = postSolution
		{F25CDF62-1EC5-4C3B-91A8-F84A2C280CAF}.Debug|Any CPU.ActiveCfg = Debug|Any CPU
		{F25CDF62-1EC5-4C3B-91A8-F84A2C280CAF}.Debug|Any CPU.Build.0 = Debug|Any CPU
		{F25CDF62-1EC5-4C3B-91A8-F84A2C280CAF}.Release|Any CPU.ActiveCfg = Release|Any CPU
		{F25CDF62-1EC5-4C3B-91A8-F84A2C280CAF}.Release|Any CPU.Build.0 = Release|Any CPU
		{2D69EC24-E37E-4064-81B7-B6925717A8A4}.Debug|Any CPU.ActiveCfg = Debug|Any CPU
		{2D69EC24-E37E-4064-81B7-B6925717A8A4}.Debug|Any CPU.Build.0 = Debug|Any CPU
		{2D69EC24-E37E-4064-81B7-B6925717A8A4}.Release|Any CPU.ActiveCfg = Release|Any CPU
		{2D69EC24-E37E-4064-81B7-B6925717A8A4}.Release|Any CPU.Build.0 = Release|Any CPU
	EndGlobalSection
	GlobalSection(SolutionProperties) = preSolution
		HideSolutionNode = FALSE
	EndGlobalSection
EndGlobal
